{
  "version": 1,
  "dependencies": {
    "net6.0": {
      "jQuery.Validation": {
        "type": "Direct",
        "requested": "[1.19.5, )",
        "resolved": "1.19.5",
        "contentHash": "lBHoaszLpKYxiVCWwIoxdqSCrlqnW9jeVMinMQ0uNMFcl3rmY8XyeaerfGLRbkVRUzh/fM3APaKepEezrR5AcA==",
        "dependencies": {
          "jQuery": "1.4.4"
        }
      },
      "jQuery": {
        "type": "Transitive",
        "resolved": "1.4.4",
        "contentHash": "kexCeYIZehR5fRjo8CK1sngN5SZEQRFNfCYZHMS1RxwEEiSKetBw/gliYJcLJdJEBB+e9aHqleLCjuaSI7u23g=="
      }
    }
  }
}